
Microsoft Visual Studio Solution File, Format Version 12.00
# Visual Studio Version 17
VisualStudioVersion = 17.1.32319.34
MinimumVisualStudioVersion = 10.0.40219.1
Project("{FAE04EC0-301F-11D3-BF4B-00C04F79EFBC}") = "TEST", "TEST\TEST.csproj", "{8F13F0F3-D718-42F6-B52A-288F9CE6A00E}"
EndProject
Global
	GlobalSection(SolutionConfigurationPlatforms) = preSolution
		Debug|Any CPU = Debug|Any CPU
		Release|Any CPU = Release|Any CPU
	EndGlobalSection
	GlobalSection(ProjectConfigurationPlatforms) = postSolution
		{8F13F0F3-D718-42F6-B52A-288F9CE6A00E}.Debug|Any CPU.ActiveCfg = Debug|Any CPU
		{8F13F0F3-D718-42F6-B52A-288F9CE6A00E}.Debug|Any CPU.Build.0 = Debug|Any CPU
		{8F13F0F3-D718-42F6-B52A-288F9CE6A00E}.Release|Any CPU.ActiveCfg = Release|Any CPU
		{8F13F0F3-D718-42F6-B52A-288F9CE6A00E}.Release|Any CPU.Build.0 = Release|Any CPU
	EndGlobalSection
	GlobalSection(SolutionProperties) = preSolution
		HideSolutionNode = FALSE
	EndGlobalSection
	GlobalSection(ExtensibilityGlobals) = postSolution
		SolutionGuid = {B898DAB2-9AFC-4B73-9EAB-16C82763C21D}
	EndGlobalSection
EndGlobal
